
Microsoft Visual Studio Solution File, Format Version 12.00
# Visual Studio Version 16
VisualStudioVersion = 16.0.31424.327
MinimumVisualStudioVersion = 10.0.40219.1
Project("{FAE04EC0-301F-11D3-BF4B-00C04F79EFBC}") = "het7", "het7\het7.csproj", "{80E45DFA-50BD-4A30-8FC5-CB1A8F54C706}"
EndProject
Global
	GlobalSection(SolutionConfigurationPlatforms) = preSolution
		Debug|Any CPU = Debug|Any CPU
		Release|Any CPU = Release|Any CPU
	EndGlobalSection
	GlobalSection(ProjectConfigurationPlatforms) = postSolution
		{80E45DFA-50BD-4A30-8FC5-CB1A8F54C706}.Debug|Any CPU.ActiveCfg = Debug|Any CPU
		{80E45DFA-50BD-4A30-8FC5-CB1A8F54C706}.Debug|Any CPU.Build.0 = Debug|Any CPU
		{80E45DFA-50BD-4A30-8FC5-CB1A8F54C706}.Release|Any CPU.ActiveCfg = Release|Any CPU
		{80E45DFA-50BD-4A30-8FC5-CB1A8F54C706}.Release|Any CPU.Build.0 = Release|Any CPU
	EndGlobalSection
	GlobalSection(SolutionProperties) = preSolution
		HideSolutionNode = FALSE
	EndGlobalSection
	GlobalSection(ExtensibilityGlobals) = postSolution
		SolutionGuid = {203CF82D-0631-44A9-8407-4EF3D3AE1E07}
	EndGlobalSection
EndGlobal
